
Microsoft Visual Studio Solution File, Format Version 12.00
# Visual Studio Version 16
VisualStudioVersion = 16.0.31321.278
MinimumVisualStudioVersion = 10.0.40219.1
Project("{9A19103F-16F7-4668-BE54-9A1E7A4F7556}") = "WeatherHub.FrontEnd", "WeatherHub.FrontEnd\WeatherHub.FrontEnd.csproj", "{B512854C-5472-4B1F-A5C3-809642D98C66}"
EndProject
Project("{2150E333-8FDC-42A3-9474-1A3956D46DE8}") = "DB", "DB", "{209E9D0C-507B-48FB-9787-EBD9B0FB9B18}"
EndProject
Project("{9A19103F-16F7-4668-BE54-9A1E7A4F7556}") = "WeatherHub.Domain", "WeatherHub.Domain\WeatherHub.Domain.csproj", "{D2A5BB31-ACD1-4AF6-903C-060FAE2DE106}"
EndProject
Project("{9A19103F-16F7-4668-BE54-9A1E7A4F7556}") = "WeatherHub.Domain.Migrations", "WeatherHub.Domain.Migrations\WeatherHub.Domain.Migrations.csproj", "{037F4ECC-CDEE-45A8-B79A-28CCD95BA3C7}"
EndProject
Project("{9A19103F-16F7-4668-BE54-9A1E7A4F7556}") = "WeatherHub.Functions", "WeatherHub.Functions\WeatherHub.Functions.csproj", "{97FBFD9A-7F10-42B6-A839-30E96C481E8A}"
EndProject
Project("{9A19103F-16F7-4668-BE54-9A1E7A4F7556}") = "WeatherHub.Models", "WeatherHub.Models\WeatherHub.Models.csproj", "{090962EF-B96D-4EAE-B6ED-396C0BC48A1A}"
EndProject
Global
	GlobalSection(SolutionConfigurationPlatforms) = preSolution
		Debug|Any CPU = Debug|Any CPU
		Release|Any CPU = Release|Any CPU
	EndGlobalSection
	GlobalSection(ProjectConfigurationPlatforms) = postSolution
		{B512854C-5472-4B1F-A5C3-809642D98C66}.Debug|Any CPU.ActiveCfg = Debug|Any CPU
		{B512854C-5472-4B1F-A5C3-809642D98C66}.Debug|Any CPU.Build.0 = Debug|Any CPU
		{B512854C-5472-4B1F-A5C3-809642D98C66}.Release|Any CPU.ActiveCfg = Release|Any CPU
		{B512854C-5472-4B1F-A5C3-809642D98C66}.Release|Any CPU.Build.0 = Release|Any CPU
		{D2A5BB31-ACD1-4AF6-903C-060FAE2DE106}.Debug|Any CPU.ActiveCfg = Debug|Any CPU
		{D2A5BB31-ACD1-4AF6-903C-060FAE2DE106}.Debug|Any CPU.Build.0 = Debug|Any CPU
		{D2A5BB31-ACD1-4AF6-903C-060FAE2DE106}.Release|Any CPU.ActiveCfg = Release|Any CPU
		{D2A5BB31-ACD1-4AF6-903C-060FAE2DE106}.Release|Any CPU.Build.0 = Release|Any CPU
		{037F4ECC-CDEE-45A8-B79A-28CCD95BA3C7}.Debug|Any CPU.ActiveCfg = Debug|Any CPU
		{037F4ECC-CDEE-45A8-B79A-28CCD95BA3C7}.Debug|Any CPU.Build.0 = Debug|Any CPU
		{037F4ECC-CDEE-45A8-B79A-28CCD95BA3C7}.Release|Any CPU.ActiveCfg = Release|Any CPU
		{037F4ECC-CDEE-45A8-B79A-28CCD95BA3C7}.Release|Any CPU.Build.0 = Release|Any CPU
		{97FBFD9A-7F10-42B6-A839-30E96C481E8A}.Debug|Any CPU.ActiveCfg = Debug|Any CPU
		{97FBFD9A-7F10-42B6-A839-30E96C481E8A}.Debug|Any CPU.Build.0 = Debug|Any CPU
		{97FBFD9A-7F10-42B6-A839-30E96C481E8A}.Release|Any CPU.ActiveCfg = Release|Any CPU
		{97FBFD9A-7F10-42B6-A839-30E96C481E8A}.Release|Any CPU.Build.0 = Release|Any CPU
		{090962EF-B96D-4EAE-B6ED-396C0BC48A1A}.Debug|Any CPU.ActiveCfg = Debug|Any CPU
		{090962EF-B96D-4EAE-B6ED-396C0BC48A1A}.Debug|Any CPU.Build.0 = Debug|Any CPU
		{090962EF-B96D-4EAE-B6ED-396C0BC48A1A}.Release|Any CPU.ActiveCfg = Release|Any CPU
		{090962EF-B96D-4EAE-B6ED-396C0BC48A1A}.Release|Any CPU.Build.0 = Release|Any CPU
	EndGlobalSection
	GlobalSection(SolutionProperties) = preSolution
		HideSolutionNode = FALSE
	EndGlobalSection
	GlobalSection(NestedProjects) = preSolution
		{D2A5BB31-ACD1-4AF6-903C-060FAE2DE106} = {209E9D0C-507B-48FB-9787-EBD9B0FB9B18}
		{037F4ECC-CDEE-45A8-B79A-28CCD95BA3C7} = {209E9D0C-507B-48FB-9787-EBD9B0FB9B18}
	EndGlobalSection
	GlobalSection(ExtensibilityGlobals) = postSolution
		SolutionGuid = {2E256221-A5D2-4777-838E-368A4CA61DFC}
	EndGlobalSection
EndGlobal
