
Microsoft Visual Studio Solution File, Format Version 12.00
# Visual Studio 15
VisualStudioVersion = 15.0.28307.572
MinimumVisualStudioVersion = 10.0.40219.1
Project("{9A19103F-16F7-4668-BE54-9A1E7A4F7556}") = "WeatherHub.FrontEnd", "WeatherHub.FrontEnd\WeatherHub.FrontEnd.csproj", "{B512854C-5472-4B1F-A5C3-809642D98C66}"
EndProject
Project("{2150E333-8FDC-42A3-9474-1A3956D46DE8}") = "DB", "DB", "{209E9D0C-507B-48FB-9787-EBD9B0FB9B18}"
EndProject
Project("{FAE04EC0-301F-11D3-BF4B-00C04F79EFBC}") = "WeatherHub.Database.Model", "WeatherHub.Database.Model\WeatherHub.Database.Model.csproj", "{F5AE35F2-7BC0-46D2-A896-3B824209060F}"
EndProject
Project("{FAE04EC0-301F-11D3-BF4B-00C04F79EFBC}") = "WeatherHub.Database.Migrations", "WeatherHub.Database.Migrations\WeatherHub.Database.Migrations.csproj", "{5AC12929-3293-4B07-8725-980454F1C2F3}"
EndProject
Global
	GlobalSection(SolutionConfigurationPlatforms) = preSolution
		Debug|Any CPU = Debug|Any CPU
		Release|Any CPU = Release|Any CPU
	EndGlobalSection
	GlobalSection(ProjectConfigurationPlatforms) = postSolution
		{B512854C-5472-4B1F-A5C3-809642D98C66}.Debug|Any CPU.ActiveCfg = Debug|Any CPU
		{B512854C-5472-4B1F-A5C3-809642D98C66}.Debug|Any CPU.Build.0 = Debug|Any CPU
		{B512854C-5472-4B1F-A5C3-809642D98C66}.Release|Any CPU.ActiveCfg = Release|Any CPU
		{B512854C-5472-4B1F-A5C3-809642D98C66}.Release|Any CPU.Build.0 = Release|Any CPU
		{F5AE35F2-7BC0-46D2-A896-3B824209060F}.Debug|Any CPU.ActiveCfg = Debug|Any CPU
		{F5AE35F2-7BC0-46D2-A896-3B824209060F}.Debug|Any CPU.Build.0 = Debug|Any CPU
		{F5AE35F2-7BC0-46D2-A896-3B824209060F}.Release|Any CPU.ActiveCfg = Release|Any CPU
		{F5AE35F2-7BC0-46D2-A896-3B824209060F}.Release|Any CPU.Build.0 = Release|Any CPU
		{5AC12929-3293-4B07-8725-980454F1C2F3}.Debug|Any CPU.ActiveCfg = Debug|Any CPU
		{5AC12929-3293-4B07-8725-980454F1C2F3}.Debug|Any CPU.Build.0 = Debug|Any CPU
		{5AC12929-3293-4B07-8725-980454F1C2F3}.Release|Any CPU.ActiveCfg = Release|Any CPU
		{5AC12929-3293-4B07-8725-980454F1C2F3}.Release|Any CPU.Build.0 = Release|Any CPU
	EndGlobalSection
	GlobalSection(SolutionProperties) = preSolution
		HideSolutionNode = FALSE
	EndGlobalSection
	GlobalSection(NestedProjects) = preSolution
		{F5AE35F2-7BC0-46D2-A896-3B824209060F} = {209E9D0C-507B-48FB-9787-EBD9B0FB9B18}
		{5AC12929-3293-4B07-8725-980454F1C2F3} = {209E9D0C-507B-48FB-9787-EBD9B0FB9B18}
	EndGlobalSection
	GlobalSection(ExtensibilityGlobals) = postSolution
		SolutionGuid = {2E256221-A5D2-4777-838E-368A4CA61DFC}
	EndGlobalSection
EndGlobal
